{
  "requires": true,
  "lockfileVersion": 1,
  "dependencies": {
    "sweetalert2": {
      "version": "8.18.6",
      "resolved": "https://registry.npmjs.org/sweetalert2/-/sweetalert2-8.18.6.tgz",
      "integrity": "sha512-6Jio6FH3p5hm+VHYN8mUyGhGozVo+r+eJtkUC/+bvSpXss84hcMRXNqKQs+J1+LWPy2DT7ozdyVXaVY6sMnm+w=="
    }
  }
}
